
Microsoft Visual Studio Solution File, Format Version 12.00
# Visual Studio Version 17
VisualStudioVersion = 17.6.33815.320
MinimumVisualStudioVersion = 10.0.40219.1
Project("{FAE04EC0-301F-11D3-BF4B-00C04F79EFBC}") = "EngineTestMysql", "EngineTestMysql.csproj", "{AE84908F-6A23-4DA6-8258-BA38E1C8E19E}"
EndProject
Global
	GlobalSection(SolutionConfigurationPlatforms) = preSolution
		Debug|Any CPU = Debug|Any CPU
		Release|Any CPU = Release|Any CPU
	EndGlobalSection
	GlobalSection(ProjectConfigurationPlatforms) = postSolution
		{AE84908F-6A23-4DA6-8258-BA38E1C8E19E}.Debug|Any CPU.ActiveCfg = Debug|Any CPU
		{AE84908F-6A23-4DA6-8258-BA38E1C8E19E}.Debug|Any CPU.Build.0 = Debug|Any CPU
		{AE84908F-6A23-4DA6-8258-BA38E1C8E19E}.Release|Any CPU.ActiveCfg = Release|Any CPU
		{AE84908F-6A23-4DA6-8258-BA38E1C8E19E}.Release|Any CPU.Build.0 = Release|Any CPU
	EndGlobalSection
	GlobalSection(SolutionProperties) = preSolution
		HideSolutionNode = FALSE
	EndGlobalSection
	GlobalSection(ExtensibilityGlobals) = postSolution
		SolutionGuid = {7C9BE59D-DDEA-49DA-8F5B-CE62C92B04C3}
	EndGlobalSection
EndGlobal
